
Microsoft Visual Studio Solution File, Format Version 12.00
# Visual Studio Express 2013 for Windows Desktop
VisualStudioVersion = 12.0.30723.0
MinimumVisualStudioVersion = 10.0.40219.1
Project("{FAE04EC0-301F-11D3-BF4B-00C04F79EFBC}") = "deldir", "deldir\deldir.csproj", "{8712F989-F628-4131-9CA8-872B7864E78C}"
EndProject
Project("{2150E333-8FDC-42A3-9474-1A3956D46DE8}") = ".nuget", ".nuget", "{0FD19ACE-6671-4C14-9B6D-3B12CE89C329}"
	ProjectSection(SolutionItems) = preProject
		.nuget\NuGet.Config = .nuget\NuGet.Config
		.nuget\NuGet.exe = .nuget\NuGet.exe
		.nuget\NuGet.targets = .nuget\NuGet.targets
	EndProjectSection
EndProject
Project("{FAE04EC0-301F-11D3-BF4B-00C04F79EFBC}") = "CommonSupportLib", "CommonSupportLib\CommonSupportLib.csproj", "{18048E1B-A51C-48A0-AD6B-44DD604CEF58}"
EndProject
Project("{F2A71F9B-5D33-465A-A702-920D77279786}") = "RProviderSupport", "RProviderSupport\RProviderSupport.fsproj", "{B122EDAA-3AD5-4E89-857F-9421EDF992AB}"
EndProject
Project("{FAE04EC0-301F-11D3-BF4B-00C04F79EFBC}") = "StressTest", "StressTest\StressTest.csproj", "{4EE0199A-AC9A-4D22-9AA0-77AF11D9B77A}"
EndProject
Project("{FAE04EC0-301F-11D3-BF4B-00C04F79EFBC}") = "MultipleAppDomains", "MultipleAppDomains\MultipleAppDomains.csproj", "{0511FE37-6131-418F-9B43-E1F5893E0C4B}"
EndProject
Project("{FAE04EC0-301F-11D3-BF4B-00C04F79EFBC}") = "ReproUsers", "ReproUsers\ReproUsers.csproj", "{9F2D1CE0-43A8-486A-9A46-CCBBCF9CE05C}"
EndProject
Global
	GlobalSection(SolutionConfigurationPlatforms) = preSolution
		Debug|Any CPU = Debug|Any CPU
		Release|Any CPU = Release|Any CPU
	EndGlobalSection
	GlobalSection(ProjectConfigurationPlatforms) = postSolution
		{8712F989-F628-4131-9CA8-872B7864E78C}.Debug|Any CPU.ActiveCfg = Debug|Any CPU
		{8712F989-F628-4131-9CA8-872B7864E78C}.Debug|Any CPU.Build.0 = Debug|Any CPU
		{8712F989-F628-4131-9CA8-872B7864E78C}.Release|Any CPU.ActiveCfg = Release|Any CPU
		{8712F989-F628-4131-9CA8-872B7864E78C}.Release|Any CPU.Build.0 = Release|Any CPU
		{18048E1B-A51C-48A0-AD6B-44DD604CEF58}.Debug|Any CPU.ActiveCfg = Debug|Any CPU
		{18048E1B-A51C-48A0-AD6B-44DD604CEF58}.Debug|Any CPU.Build.0 = Debug|Any CPU
		{18048E1B-A51C-48A0-AD6B-44DD604CEF58}.Release|Any CPU.ActiveCfg = Release|Any CPU
		{18048E1B-A51C-48A0-AD6B-44DD604CEF58}.Release|Any CPU.Build.0 = Release|Any CPU
		{B122EDAA-3AD5-4E89-857F-9421EDF992AB}.Debug|Any CPU.ActiveCfg = Debug|Any CPU
		{B122EDAA-3AD5-4E89-857F-9421EDF992AB}.Debug|Any CPU.Build.0 = Debug|Any CPU
		{B122EDAA-3AD5-4E89-857F-9421EDF992AB}.Release|Any CPU.ActiveCfg = Release|Any CPU
		{B122EDAA-3AD5-4E89-857F-9421EDF992AB}.Release|Any CPU.Build.0 = Release|Any CPU
		{4EE0199A-AC9A-4D22-9AA0-77AF11D9B77A}.Debug|Any CPU.ActiveCfg = Debug|Any CPU
		{4EE0199A-AC9A-4D22-9AA0-77AF11D9B77A}.Debug|Any CPU.Build.0 = Debug|Any CPU
		{4EE0199A-AC9A-4D22-9AA0-77AF11D9B77A}.Release|Any CPU.ActiveCfg = Release|Any CPU
		{4EE0199A-AC9A-4D22-9AA0-77AF11D9B77A}.Release|Any CPU.Build.0 = Release|Any CPU
		{0511FE37-6131-418F-9B43-E1F5893E0C4B}.Debug|Any CPU.ActiveCfg = Debug|Any CPU
		{0511FE37-6131-418F-9B43-E1F5893E0C4B}.Debug|Any CPU.Build.0 = Debug|Any CPU
		{0511FE37-6131-418F-9B43-E1F5893E0C4B}.Release|Any CPU.ActiveCfg = Release|Any CPU
		{0511FE37-6131-418F-9B43-E1F5893E0C4B}.Release|Any CPU.Build.0 = Release|Any CPU
		{9F2D1CE0-43A8-486A-9A46-CCBBCF9CE05C}.Debug|Any CPU.ActiveCfg = Debug|Any CPU
		{9F2D1CE0-43A8-486A-9A46-CCBBCF9CE05C}.Debug|Any CPU.Build.0 = Debug|Any CPU
		{9F2D1CE0-43A8-486A-9A46-CCBBCF9CE05C}.Release|Any CPU.ActiveCfg = Release|Any CPU
		{9F2D1CE0-43A8-486A-9A46-CCBBCF9CE05C}.Release|Any CPU.Build.0 = Release|Any CPU
	EndGlobalSection
	GlobalSection(SolutionProperties) = preSolution
		HideSolutionNode = FALSE
	EndGlobalSection
EndGlobal
